
Microsoft Visual Studio Solution File, Format Version 12.00
# Visual Studio 2015
Project("{FAE04EC0-301F-11D3-BF4B-00C04F79EFBC}") = "Eridu.CSharp", "Eridu.CSharp.csproj", "{D4BFC164-A246-9ED4-F49A-5DB30084A020}"
EndProject
Project("{FAE04EC0-301F-11D3-BF4B-00C04F79EFBC}") = "Eridu.CSharp.Editor", "Eridu.CSharp.Editor.csproj", "{F1C6E4C5-8227-B60C-447C-11E83BC8827E}"
EndProject
Global
	GlobalSection(SolutionConfigurationPlatforms) = preSolution
		Debug|Any CPU = Debug|Any CPU
		Release|Any CPU = Release|Any CPU
	EndGlobalSection
	GlobalSection(ProjectConfigurationPlatforms) = postSolution
		{D4BFC164-A246-9ED4-F49A-5DB30084A020}.Debug|Any CPU.ActiveCfg = Debug|Any CPU
		{D4BFC164-A246-9ED4-F49A-5DB30084A020}.Debug|Any CPU.Build.0 = Debug|Any CPU
		{D4BFC164-A246-9ED4-F49A-5DB30084A020}.Release|Any CPU.ActiveCfg = Release|Any CPU
		{D4BFC164-A246-9ED4-F49A-5DB30084A020}.Release|Any CPU.Build.0 = Release|Any CPU
		{F1C6E4C5-8227-B60C-447C-11E83BC8827E}.Debug|Any CPU.ActiveCfg = Debug|Any CPU
		{F1C6E4C5-8227-B60C-447C-11E83BC8827E}.Debug|Any CPU.Build.0 = Debug|Any CPU
		{F1C6E4C5-8227-B60C-447C-11E83BC8827E}.Release|Any CPU.ActiveCfg = Release|Any CPU
		{F1C6E4C5-8227-B60C-447C-11E83BC8827E}.Release|Any CPU.Build.0 = Release|Any CPU
	EndGlobalSection
	GlobalSection(SolutionProperties) = preSolution
		HideSolutionNode = FALSE
	EndGlobalSection
EndGlobal
